PODS:
  - AVOSCloud (3.1.6.8)
  - Crashlytics (3.4.1):
    - Fabric (~> 1.6.0)
  - Fabric (1.6.1)
  - FMDB/FTS (2.6):
    - FMDB/standard
  - FMDB/standard (2.6)
  - HTCopyableLabel (0.0.7)
  - ionicons (2.0.3)
  - LeanCloudFeedback (0.0.8):
    - AVOSCloud (~> 3.1)
  - Masonry (0.6.3)
  - MBProgressHUD (0.9.1)
  - SDWebImage (3.7.3):
    - SDWebImage/Core (= 3.7.3)
  - SDWebImage/Core (3.7.3)
  - UITableView+FDTemplateLayoutCell (1.4.beta)

DEPENDENCIES:
  - AVOSCloud
  - Crashlytics
  - Fabric
  - FMDB/FTS
  - HTCopyableLabel
  - ionicons
  - LeanCloudFeedback
  - Masonry
  - MBProgressHUD (~> 0.9.1)
  - SDWebImage (~> 3.7)
  - UITableView+FDTemplateLayoutCell (>= 1.4.beta)

SPEC CHECKSUMS:
  AVOSCloud: 4b06ec4444ca0ee0543e6cf729b11e5f3f956977
  Crashlytics: 41574a245bc6ae10c55d57f385ebd2004e5bee05
  Fabric: bf0ceb04e7c924090efc5f8c55e4fbcca189e0a0
  FMDB: c1968bab3ab0aed38f66cb778ae1e7fa9a652b6e
  HTCopyableLabel: e67c190d2f1f8f03c9d9858a7d8ce33be7fb43fa
  ionicons: ec1e86e6c3316bd9942a7f024080dd75c70dd6a5
  LeanCloudFeedback: d509e77271da2985d5d29a6ea0d3fb44f541f7df
  Masonry: ff105a956abcd19a618b2028b121cb638d7a8e2f
  MBProgressHUD: c47f2c166c126cf2ce36498d80f33e754d4e93ad
  SDWebImage: 1d2b1a1efda1ade1b00b6f8498865f8ddedc8a84
  UITableView+FDTemplateLayoutCell: 9d20bf0518f3c01e42ae614243b97f1161063d27

PODFILE CHECKSUM: 34e32d1bec61358f0ffa433539d14115c8fa7d18

COCOAPODS: 1.0.0
