// !$*UTF8*$!
{
	archiveVersion = 1;
	classes = {
	};
	objectVersion = 46;
	objects = {

/* Begin PBXBuildFile section */
		0521D8721C1BBA6B0003A081 /* InfoPlist.strings in Resources */ = {isa = PBXBuildFile; fileRef = 0521D8741C1BBA6B0003A081 /* InfoPlist.strings */; };
		05349CDF1C1AD3FB0011DCEB /* XCZChineseKindSettingsViewController.m in Sources */ = {isa = PBXBuildFile; fileRef = 05349CDE1C1AD3FB0011DCEB /* XCZChineseKindSettingsViewController.m */; };
		05349CE21C1AD4200011DCEB /* XCZQuoteFontSettingsViewController.m in Sources */ = {isa = PBXBuildFile; fileRef = 05349CE11C1AD4200011DCEB /* XCZQuoteFontSettingsViewController.m */; };
		05349CE51C1B392A0011DCEB /* XCZBaseViewController.m in Sources */ = {isa = PBXBuildFile; fileRef = 05349CE41C1B392A0011DCEB /* XCZBaseViewController.m */; };
		0545D2681BC51F9800410895 /* XCZLabel.m in Sources */ = {isa = PBXBuildFile; fileRef = 0545D2671BC51F9800410895 /* XCZLabel.m */; };
		0545D26B1BC5379200410895 /* UIColor+Helper.m in Sources */ = {isa = PBXBuildFile; fileRef = 0545D2691BC5379200410895 /* UIColor+Helper.m */; };
		0545D26E1BC5428500410895 /* XCZWorkView.m in Sources */ = {isa = PBXBuildFile; fileRef = 0545D26D1BC5428500410895 /* XCZWorkView.m */; };
		0545D2711BC54C8B00410895 /* XCZLibraryViewController.m in Sources */ = {isa = PBXBuildFile; fileRef = 0545D2701BC54C8B00410895 /* XCZLibraryViewController.m */; };
		0545D2741BC54CF600410895 /* XCZMeetViewController.m in Sources */ = {isa = PBXBuildFile; fileRef = 0545D2731BC54CF600410895 /* XCZMeetViewController.m */; };
		054AA51F1BD74FE600CE8EDC /* XCZAuthorHeaderView.m in Sources */ = {isa = PBXBuildFile; fileRef = 054AA51E1BD74FE600CE8EDC /* XCZAuthorHeaderView.m */; };
		054D06551C19EF8A002E7854 /* Wyue.otf in Resources */ = {isa = PBXBuildFile; fileRef = 054D06541C19EF4F002E7854 /* Wyue.otf */; };
		0564853B1BA8895300F52EAE /* XCZAuthor.m in Sources */ = {isa = PBXBuildFile; fileRef = 056485321BA8895300F52EAE /* XCZAuthor.m */; };
		0564853C1BA8895300F52EAE /* XCZDynasty.m in Sources */ = {isa = PBXBuildFile; fileRef = 056485341BA8895300F52EAE /* XCZDynasty.m */; };
		0564853D1BA8895300F52EAE /* XCZLike.m in Sources */ = {isa = PBXBuildFile; fileRef = 056485361BA8895300F52EAE /* XCZLike.m */; };
		0564853E1BA8895300F52EAE /* XCZQuote.m in Sources */ = {isa = PBXBuildFile; fileRef = 056485381BA8895300F52EAE /* XCZQuote.m */; };
		0564853F1BA8895300F52EAE /* XCZWork.m in Sources */ = {isa = PBXBuildFile; fileRef = 0564853A1BA8895300F52EAE /* XCZWork.m */; };
		056485521BA889E100F52EAE /* XCZWorkViewController.m in Sources */ = {isa = PBXBuildFile; fileRef = 056485421BA889E100F52EAE /* XCZWorkViewController.m */; };
		056485531BA889E100F52EAE /* XCZAuthorViewController.m in Sources */ = {isa = PBXBuildFile; fileRef = 056485441BA889E100F52EAE /* XCZAuthorViewController.m */; };
		056485541BA889E100F52EAE /* XCZAuthorsViewController.m in Sources */ = {isa = PBXBuildFile; fileRef = 056485461BA889E100F52EAE /* XCZAuthorsViewController.m */; };
		056485561BA889E100F52EAE /* XCZLikesViewController.m in Sources */ = {isa = PBXBuildFile; fileRef = 056485491BA889E100F52EAE /* XCZLikesViewController.m */; };
		056485591BA889E100F52EAE /* XCZWorksViewController.m in Sources */ = {isa = PBXBuildFile; fileRef = 0564854F1BA889E100F52EAE /* XCZWorksViewController.m */; };
		05827AA0196A8236003ABBDD /* XCZUtils.m in Sources */ = {isa = PBXBuildFile; fileRef = 05827A9F196A8236003ABBDD /* XCZUtils.m */; };
		0587F1331BD9D39F0037747E /* UMSocialLocalizable.strings in Resources */ = {isa = PBXBuildFile; fileRef = 0587F1191BD9D39F0037747E /* UMSocialLocalizable.strings */; };
		0587F1341BD9D39F0037747E /* libUMSocial_Sdk_4.2.5.a in Frameworks */ = {isa = PBXBuildFile; fileRef = 0587F1271BD9D39F0037747E /* libUMSocial_Sdk_4.2.5.a */; };
		0587F1351BD9D39F0037747E /* UMSCommentDetailController.xib in Resources */ = {isa = PBXBuildFile; fileRef = 0587F1291BD9D39F0037747E /* UMSCommentDetailController.xib */; };
		0587F1361BD9D39F0037747E /* UMSCommentInputController.xib in Resources */ = {isa = PBXBuildFile; fileRef = 0587F12A1BD9D39F0037747E /* UMSCommentInputController.xib */; };
		0587F1371BD9D39F0037747E /* UMSCommentInputControlleriPad.xib in Resources */ = {isa = PBXBuildFile; fileRef = 0587F12B1BD9D39F0037747E /* UMSCommentInputControlleriPad.xib */; };
		0587F1381BD9D39F0037747E /* UMShareEditViewController.xib in Resources */ = {isa = PBXBuildFile; fileRef = 0587F12C1BD9D39F0037747E /* UMShareEditViewController.xib */; };
		0587F1391BD9D39F0037747E /* UMShareEditViewControlleriPad.xib in Resources */ = {isa = PBXBuildFile; fileRef = 0587F12D1BD9D39F0037747E /* UMShareEditViewControlleriPad.xib */; };
		0587F13A1BD9D39F0037747E /* UMSLoginViewController.xib in Resources */ = {isa = PBXBuildFile; fileRef = 0587F12E1BD9D39F0037747E /* UMSLoginViewController.xib */; };
		0587F13B1BD9D39F0037747E /* UMSnsAccountViewController.xib in Resources */ = {isa = PBXBuildFile; fileRef = 0587F12F1BD9D39F0037747E /* UMSnsAccountViewController.xib */; };
		0587F13C1BD9D39F0037747E /* UMSShareListController.xib in Resources */ = {isa = PBXBuildFile; fileRef = 0587F1301BD9D39F0037747E /* UMSShareListController.xib */; };
		0587F13D1BD9D39F0037747E /* UMSocialSDKResourcesNew.bundle in Resources */ = {isa = PBXBuildFile; fileRef = 0587F1311BD9D39F0037747E /* UMSocialSDKResourcesNew.bundle */; };
		0587F1491BD9D3B60037747E /* libSocialWechat.a in Frameworks */ = {isa = PBXBuildFile; fileRef = 0587F1431BD9D3B60037747E /* libSocialWechat.a */; };
		0587F14A1BD9D3B60037747E /* libWeChatSDK.a in Frameworks */ = {isa = PBXBuildFile; fileRef = 0587F1441BD9D3B60037747E /* libWeChatSDK.a */; };
		0587F14C1BD9D4870037747E /* SystemConfiguration.framework in Frameworks */ = {isa = PBXBuildFile; fileRef = 0587F14B1BD9D4870037747E /* SystemConfiguration.framework */; };
		0599F5F11BE76A2A00AA099D /* XCZSettingsViewController.m in Sources */ = {isa = PBXBuildFile; fileRef = 0599F5F01BE76A2A00AA099D /* XCZSettingsViewController.m */; };
		0599F5F41BE7923F00AA099D /* UIImage+Helper.m in Sources */ = {isa = PBXBuildFile; fileRef = 0599F5F31BE7923F00AA099D /* UIImage+Helper.m */; };
		0599F5F71BE7B9A300AA099D /* XCZBadgeView.m in Sources */ = {isa = PBXBuildFile; fileRef = 0599F5F61BE7B9A300AA099D /* XCZBadgeView.m */; };
		05AC40BA1BFF56A1006F6CA3 /* FontAwesome.ttf in Resources */ = {isa = PBXBuildFile; fileRef = 05AC40B91BFF569B006F6CA3 /* FontAwesome.ttf */; };
		05AC40BD1BFF5732006F6CA3 /* UIImage+FontAwesome.m in Sources */ = {isa = PBXBuildFile; fileRef = 05AC40BB1BFF5732006F6CA3 /* UIImage+FontAwesome.m */; };
		05AC40C01BFF5D42006F6CA3 /* NSString+FontAwesome.m in Sources */ = {isa = PBXBuildFile; fileRef = 05AC40BF1BFF5D42006F6CA3 /* NSString+FontAwesome.m */; };
		05B2287C195FD19500F91BCC /* xcz.db in Resources */ = {isa = PBXBuildFile; fileRef = 05B2287B195FCEBE00F91BCC /* xcz.db */; };
		05BDB0B91A555CA800DBBFBF /* xcz_user.db in Resources */ = {isa = PBXBuildFile; fileRef = 05BDB0B81A555CA800DBBFBF /* xcz_user.db */; };
		05CC76591BD5E6E800A3970D /* XCZRandomQuoteViewController.m in Sources */ = {isa = PBXBuildFile; fileRef = 05CC76581BD5E6E800A3970D /* XCZRandomQuoteViewController.m */; };
		05CC765A1BD5FEDC00A3970D /* 华文仿宋.ttf in Resources */ = {isa = PBXBuildFile; fileRef = 05CC76561BD5E56A00A3970D /* 华文仿宋.ttf */; };
		05CC765D1BD6247E00A3970D /* XCZQuoteView.m in Sources */ = {isa = PBXBuildFile; fileRef = 05CC765C1BD6247E00A3970D /* XCZQuoteView.m */; };
		05CC76601BD63F2800A3970D /* XCZQuoteDraggableView.m in Sources */ = {isa = PBXBuildFile; fileRef = 05CC765F1BD63F2800A3970D /* XCZQuoteDraggableView.m */; };
		05CC76631BD6433000A3970D /* XCZQuoteViewController.m in Sources */ = {isa = PBXBuildFile; fileRef = 05CC76621BD6433000A3970D /* XCZQuoteViewController.m */; };
		05CC76661BD6460D00A3970D /* XCZQuoteTableViewCell.m in Sources */ = {isa = PBXBuildFile; fileRef = 05CC76651BD6460D00A3970D /* XCZQuoteTableViewCell.m */; };
		05CC76691BD6900500A3970D /* XCZCopyableLabel.m in Sources */ = {isa = PBXBuildFile; fileRef = 05CC76681BD6900500A3970D /* XCZCopyableLabel.m */; };
		05CE723719A4D97C003864E4 /* Images.xcassets in Resources */ = {isa = PBXBuildFile; fileRef = 05CE723619A4D97C003864E4 /* Images.xcassets */; };
		05CFDFE21BF772010027773C /* XCZCollectionsViewController.m in Sources */ = {isa = PBXBuildFile; fileRef = 05CFDFE11BF772010027773C /* XCZCollectionsViewController.m */; };
		05CFDFE51BF773F80027773C /* XCZCollectionKind.m in Sources */ = {isa = PBXBuildFile; fileRef = 05CFDFE41BF773F80027773C /* XCZCollectionKind.m */; };
		05CFDFE81BF7740F0027773C /* XCZCollection.m in Sources */ = {isa = PBXBuildFile; fileRef = 05CFDFE71BF7740F0027773C /* XCZCollection.m */; };
		05CFDFEB1BF774230027773C /* XCZCollectionWork.m in Sources */ = {isa = PBXBuildFile; fileRef = 05CFDFEA1BF774230027773C /* XCZCollectionWork.m */; };
		05CFDFEF1BF77B2F0027773C /* XCZCollectionWorksViewController.m in Sources */ = {isa = PBXBuildFile; fileRef = 05CFDFEE1BF77B2F0027773C /* XCZCollectionWorksViewController.m */; };
		05CFDFF31BF782300027773C /* XCZCollectionCell.m in Sources */ = {isa = PBXBuildFile; fileRef = 05CFDFF21BF782300027773C /* XCZCollectionCell.m */; };
		05CFDFF61BF8298D0027773C /* XCZCollectionSectionHeaderView.m in Sources */ = {isa = PBXBuildFile; fileRef = 05CFDFF51BF8298D0027773C /* XCZCollectionSectionHeaderView.m */; };
		05CFDFF91BF8438B0027773C /* XCZCollectionSectionFooterView.m in Sources */ = {isa = PBXBuildFile; fileRef = 05CFDFF81BF8438B0027773C /* XCZCollectionSectionFooterView.m */; };
		05DF00C7195F0CE100175ABF /* Foundation.framework in Frameworks */ = {isa = PBXBuildFile; fileRef = 05DF00C6195F0CE100175ABF /* Foundation.framework */; };
		05DF00C9195F0CE100175ABF /* CoreGraphics.framework in Frameworks */ = {isa = PBXBuildFile; fileRef = 05DF00C8195F0CE100175ABF /* CoreGraphics.framework */; };
		05DF00CB195F0CE100175ABF /* UIKit.framework in Frameworks */ = {isa = PBXBuildFile; fileRef = 05DF00CA195F0CE100175ABF /* UIKit.framework */; };
		05DF00CD195F0CE100175ABF /* CoreData.framework in Frameworks */ = {isa = PBXBuildFile; fileRef = 05DF00CC195F0CE100175ABF /* CoreData.framework */; };
		05DF00D5195F0CE100175ABF /* main.m in Sources */ = {isa = PBXBuildFile; fileRef = 05DF00D4195F0CE100175ABF /* main.m */; };
		05DF00D9195F0CE100175ABF /* XCZAppDelegate.m in Sources */ = {isa = PBXBuildFile; fileRef = 05DF00D8195F0CE100175ABF /* XCZAppDelegate.m */; };
		05DF00E5195F0CE100175ABF /* XCTest.framework in Frameworks */ = {isa = PBXBuildFile; fileRef = 05DF00E4195F0CE100175ABF /* XCTest.framework */; };
		05DF00E6195F0CE100175ABF /* Foundation.framework in Frameworks */ = {isa = PBXBuildFile; fileRef = 05DF00C6195F0CE100175ABF /* Foundation.framework */; };
		05DF00E7195F0CE100175ABF /* UIKit.framework in Frameworks */ = {isa = PBXBuildFile; fileRef = 05DF00CA195F0CE100175ABF /* UIKit.framework */; };
		05DF00E8195F0CE100175ABF /* CoreData.framework in Frameworks */ = {isa = PBXBuildFile; fileRef = 05DF00CC195F0CE100175ABF /* CoreData.framework */; };
		05DF00F2195F0CE100175ABF /* xczTests.m in Sources */ = {isa = PBXBuildFile; fileRef = 05DF00F1195F0CE100175ABF /* xczTests.m */; };
		05ECE6191BD3D476008DE9CE /* XCZWikiViewController.m in Sources */ = {isa = PBXBuildFile; fileRef = 05ECE6181BD3D476008DE9CE /* XCZWikiViewController.m */; };
		05ECE61C1BD3FF9F008DE9CE /* XCZAuthorQuotesViewController.m in Sources */ = {isa = PBXBuildFile; fileRef = 05ECE61B1BD3FF9F008DE9CE /* XCZAuthorQuotesViewController.m */; };
		05ECE61F1BD48B2B008DE9CE /* XCZAuthorTableViewCell.m in Sources */ = {isa = PBXBuildFile; fileRef = 05ECE61E1BD48B2B008DE9CE /* XCZAuthorTableViewCell.m */; };
		05ECE6221BD49D5E008DE9CE /* XCZWorkTableViewCell.m in Sources */ = {isa = PBXBuildFile; fileRef = 05ECE6211BD49D5E008DE9CE /* XCZWorkTableViewCell.m */; };
		05F219141BC5784000B222D7 /* XCZOtherViewController.m in Sources */ = {isa = PBXBuildFile; fileRef = 05F219131BC5784000B222D7 /* XCZOtherViewController.m */; };
		05F2191A1BC6134400B222D7 /* XCZAboutViewController.m in Sources */ = {isa = PBXBuildFile; fileRef = 05F219191BC6134400B222D7 /* XCZAboutViewController.m */; };
		CABD71F26B624951841B653B /* libPods-xcz.a in Frameworks */ = {isa = PBXBuildFile; fileRef = 373599EB20404398AE2FC10B /* libPods-xcz.a */; };
/* End PBXBuildFile section */

/* Begin PBXContainerItemProxy section */
		05DF00E9195F0CE100175ABF /* PBXContainerItemProxy */ = {
			isa = PBXContainerItemProxy;
			containerPortal = 05DF00BB195F0CE100175ABF /* Project object */;
			proxyType = 1;
			remoteGlobalIDString = 05DF00C2195F0CE100175ABF;
			remoteInfo = xcz;
		};
/* End PBXContainerItemProxy section */

/* Begin PBXFileReference section */
		051C225419B8B1FC00FA14E8 /* libz.dylib */ = {isa = PBXFileReference; lastKnownFileType = "compiled.mach-o.dylib"; name = libz.dylib; path = usr/lib/libz.dylib; sourceTree = SDKROOT; };
		0521D8731C1BBA6B0003A081 /* zh-Hans */ = {isa = PBXFileReference; lastKnownFileType = text.plist.strings; name = "zh-Hans"; path = "zh-Hans.lproj/InfoPlist.strings"; sourceTree = "<group>"; };
		0521D8751C1BBB800003A081 /* zh-Hant */ = {isa = PBXFileReference; lastKnownFileType = text.plist.strings; name = "zh-Hant"; path = "zh-Hant.lproj/InfoPlist.strings"; sourceTree = "<group>"; };
		05349CDD1C1AD3FB0011DCEB /* XCZChineseKindSettingsViewController.h */ = {isa = PBXFileReference; fileEncoding = 4; lastKnownFileType = sourcecode.c.h; path = XCZChineseKindSettingsViewController.h; sourceTree = "<group>"; };
		05349CDE1C1AD3FB0011DCEB /* XCZChineseKindSettingsViewController.m */ = {isa = PBXFileReference; fileEncoding = 4; lastKnownFileType = sourcecode.c.objc; path = XCZChineseKindSettingsViewController.m; sourceTree = "<group>"; };
		05349CE01C1AD4200011DCEB /* XCZQuoteFontSettingsViewController.h */ = {isa = PBXFileReference; fileEncoding = 4; lastKnownFileType = sourcecode.c.h; path = XCZQuoteFontSettingsViewController.h; sourceTree = "<group>"; };
		05349CE11C1AD4200011DCEB /* XCZQuoteFontSettingsViewController.m */ = {isa = PBXFileReference; fileEncoding = 4; lastKnownFileType = sourcecode.c.objc; path = XCZQuoteFontSettingsViewController.m; sourceTree = "<group>"; };
		05349CE31C1B39290011DCEB /* XCZBaseViewController.h */ = {isa = PBXFileReference; fileEncoding = 4; lastKnownFileType = sourcecode.c.h; path = XCZBaseViewController.h; sourceTree = "<group>"; };
		05349CE41C1B392A0011DCEB /* XCZBaseViewController.m */ = {isa = PBXFileReference; fileEncoding = 4; lastKnownFileType = sourcecode.c.objc; path = XCZBaseViewController.m; sourceTree = "<group>"; };
		0545D2661BC51F9800410895 /* XCZLabel.h */ = {isa = PBXFileReference; fileEncoding = 4; lastKnownFileType = sourcecode.c.h; path = XCZLabel.h; sourceTree = "<group>"; };
		0545D2671BC51F9800410895 /* XCZLabel.m */ = {isa = PBXFileReference; fileEncoding = 4; lastKnownFileType = sourcecode.c.objc; path = XCZLabel.m; sourceTree = "<group>"; };
		0545D2691BC5379200410895 /* UIColor+Helper.m */ = {isa = PBXFileReference; fileEncoding = 4; lastKnownFileType = sourcecode.c.objc; path = "UIColor+Helper.m"; sourceTree = "<group>"; };
		0545D26A1BC5379200410895 /* UIColor+Helper.h */ = {isa = PBXFileReference; fileEncoding = 4; lastKnownFileType = sourcecode.c.h; path = "UIColor+Helper.h"; sourceTree = "<group>"; };
		0545D26C1BC5428500410895 /* XCZWorkView.h */ = {isa = PBXFileReference; fileEncoding = 4; lastKnownFileType = sourcecode.c.h; path = XCZWorkView.h; sourceTree = "<group>"; };
		0545D26D1BC5428500410895 /* XCZWorkView.m */ = {isa = PBXFileReference; fileEncoding = 4; lastKnownFileType = sourcecode.c.objc; path = XCZWorkView.m; sourceTree = "<group>"; };
		0545D26F1BC54C8B00410895 /* XCZLibraryViewController.h */ = {isa = PBXFileReference; fileEncoding = 4; lastKnownFileType = sourcecode.c.h; path = XCZLibraryViewController.h; sourceTree = "<group>"; };
		0545D2701BC54C8B00410895 /* XCZLibraryViewController.m */ = {isa = PBXFileReference; fileEncoding = 4; lastKnownFileType = sourcecode.c.objc; path = XCZLibraryViewController.m; sourceTree = "<group>"; };
		0545D2721BC54CF600410895 /* XCZMeetViewController.h */ = {isa = PBXFileReference; fileEncoding = 4; lastKnownFileType = sourcecode.c.h; path = XCZMeetViewController.h; sourceTree = "<group>"; };
		0545D2731BC54CF600410895 /* XCZMeetViewController.m */ = {isa = PBXFileReference; fileEncoding = 4; lastKnownFileType = sourcecode.c.objc; path = XCZMeetViewController.m; sourceTree = "<group>"; };
		054AA51D1BD74FE600CE8EDC /* XCZAuthorHeaderView.h */ = {isa = PBXFileReference; fileEncoding = 4; lastKnownFileType = sourcecode.c.h; path = XCZAuthorHeaderView.h; sourceTree = "<group>"; };
		054AA51E1BD74FE600CE8EDC /* XCZAuthorHeaderView.m */ = {isa = PBXFileReference; fileEncoding = 4; lastKnownFileType = sourcecode.c.objc; path = XCZAuthorHeaderView.m; sourceTree = "<group>"; };
		054D06541C19EF4F002E7854 /* Wyue.otf */ = {isa = PBXFileReference; lastKnownFileType = file; path = Wyue.otf; sourceTree = "<group>"; };
		056485311BA8895300F52EAE /* XCZAuthor.h */ = {isa = PBXFileReference; fileEncoding = 4; lastKnownFileType = sourcecode.c.h; path = XCZAuthor.h; sourceTree = "<group>"; };
		056485321BA8895300F52EAE /* XCZAuthor.m */ = {isa = PBXFileReference; fileEncoding = 4; lastKnownFileType = sourcecode.c.objc; path = XCZAuthor.m; sourceTree = "<group>"; };
		056485331BA8895300F52EAE /* XCZDynasty.h */ = {isa = PBXFileReference; fileEncoding = 4; lastKnownFileType = sourcecode.c.h; path = XCZDynasty.h; sourceTree = "<group>"; };
		056485341BA8895300F52EAE /* XCZDynasty.m */ = {isa = PBXFileReference; fileEncoding = 4; lastKnownFileType = sourcecode.c.objc; path = XCZDynasty.m; sourceTree = "<group>"; };
		056485351BA8895300F52EAE /* XCZLike.h */ = {isa = PBXFileReference; fileEncoding = 4; lastKnownFileType = sourcecode.c.h; path = XCZLike.h; sourceTree = "<group>"; };
		056485361BA8895300F52EAE /* XCZLike.m */ = {isa = PBXFileReference; fileEncoding = 4; lastKnownFileType = sourcecode.c.objc; path = XCZLike.m; sourceTree = "<group>"; };
		056485371BA8895300F52EAE /* XCZQuote.h */ = {isa = PBXFileReference; fileEncoding = 4; lastKnownFileType = sourcecode.c.h; path = XCZQuote.h; sourceTree = "<group>"; };
		056485381BA8895300F52EAE /* XCZQuote.m */ = {isa = PBXFileReference; fileEncoding = 4; lastKnownFileType = sourcecode.c.objc; path = XCZQuote.m; sourceTree = "<group>"; };
		056485391BA8895300F52EAE /* XCZWork.h */ = {isa = PBXFileReference; fileEncoding = 4; lastKnownFileType = sourcecode.c.h; path = XCZWork.h; sourceTree = "<group>"; };
		0564853A1BA8895300F52EAE /* XCZWork.m */ = {isa = PBXFileReference; fileEncoding = 4; lastKnownFileType = sourcecode.c.objc; path = XCZWork.m; sourceTree = "<group>"; };
		056485421BA889E100F52EAE /* XCZWorkViewController.m */ = {isa = PBXFileReference; fileEncoding = 4; lastKnownFileType = sourcecode.c.objc; path = XCZWorkViewController.m; sourceTree = "<group>"; };
		056485431BA889E100F52EAE /* XCZAuthorViewController.h */ = {isa = PBXFileReference; fileEncoding = 4; lastKnownFileType = sourcecode.c.h; path = XCZAuthorViewController.h; sourceTree = "<group>"; };
		056485441BA889E100F52EAE /* XCZAuthorViewController.m */ = {isa = PBXFileReference; fileEncoding = 4; lastKnownFileType = sourcecode.c.objc; path = XCZAuthorViewController.m; sourceTree = "<group>"; };
		056485451BA889E100F52EAE /* XCZAuthorsViewController.h */ = {isa = PBXFileReference; fileEncoding = 4; lastKnownFileType = sourcecode.c.h; path = XCZAuthorsViewController.h; sourceTree = "<group>"; };
		056485461BA889E100F52EAE /* XCZAuthorsViewController.m */ = {isa = PBXFileReference; fileEncoding = 4; lastKnownFileType = sourcecode.c.objc; path = XCZAuthorsViewController.m; sourceTree = "<group>"; };
		056485481BA889E100F52EAE /* XCZLikesViewController.h */ = {isa = PBXFileReference; fileEncoding = 4; lastKnownFileType = sourcecode.c.h; path = XCZLikesViewController.h; sourceTree = "<group>"; };
		056485491BA889E100F52EAE /* XCZLikesViewController.m */ = {isa = PBXFileReference; fileEncoding = 4; lastKnownFileType = sourcecode.c.objc; path = XCZLikesViewController.m; sourceTree = "<group>"; };
		0564854D1BA889E100F52EAE /* XCZWorkViewController.h */ = {isa = PBXFileReference; fileEncoding = 4; lastKnownFileType = sourcecode.c.h; path = XCZWorkViewController.h; sourceTree = "<group>"; };
		0564854E1BA889E100F52EAE /* XCZWorksViewController.h */ = {isa = PBXFileReference; fileEncoding = 4; lastKnownFileType = sourcecode.c.h; path = XCZWorksViewController.h; sourceTree = "<group>"; };
		0564854F1BA889E100F52EAE /* XCZWorksViewController.m */ = {isa = PBXFileReference; fileEncoding = 4; lastKnownFileType = sourcecode.c.objc; path = XCZWorksViewController.m; sourceTree = "<group>"; };
		05827A9E196A8236003ABBDD /* XCZUtils.h */ = {isa = PBXFileReference; fileEncoding = 4; lastKnownFileType = sourcecode.c.h; name = XCZUtils.h; path = ../XCZUtils.h; sourceTree = "<group>"; };
		05827A9F196A8236003ABBDD /* XCZUtils.m */ = {isa = PBXFileReference; fileEncoding = 4; lastKnownFileType = sourcecode.c.objc; name = XCZUtils.m; path = ../XCZUtils.m; sourceTree = "<group>"; };
		0587F11C1BD9D39F0037747E /* UMSocial.h */ = {isa = PBXFileReference; fileEncoding = 4; lastKnownFileType = sourcecode.c.h; path = UMSocial.h; sourceTree = "<group>"; };
		0587F11D1BD9D39F0037747E /* UMSocialAccountManager.h */ = {isa = PBXFileReference; fileEncoding = 4; lastKnownFileType = sourcecode.c.h; path = UMSocialAccountManager.h; sourceTree = "<group>"; };
		0587F11E1BD9D39F0037747E /* UMSocialBar.h */ = {isa = PBXFileReference; fileEncoding = 4; lastKnownFileType = sourcecode.c.h; path = UMSocialBar.h; sourceTree = "<group>"; };
		0587F11F1BD9D39F0037747E /* UMSocialConfig.h */ = {isa = PBXFileReference; fileEncoding = 4; lastKnownFileType = sourcecode.c.h; path = UMSocialConfig.h; sourceTree = "<group>"; };
		0587F1201BD9D39F0037747E /* UMSocialControllerService.h */ = {isa = PBXFileReference; fileEncoding = 4; lastKnownFileType = sourcecode.c.h; path = UMSocialControllerService.h; sourceTree = "<group>"; };
		0587F1211BD9D39F0037747E /* UMSocialControllerServiceComment.h */ = {isa = PBXFileReference; fileEncoding = 4; lastKnownFileType = sourcecode.c.h; path = UMSocialControllerServiceComment.h; sourceTree = "<group>"; };
		0587F1221BD9D39F0037747E /* UMSocialData.h */ = {isa = PBXFileReference; fileEncoding = 4; lastKnownFileType = sourcecode.c.h; path = UMSocialData.h; sourceTree = "<group>"; };
		0587F1231BD9D39F0037747E /* UMSocialDataService.h */ = {isa = PBXFileReference; fileEncoding = 4; lastKnownFileType = sourcecode.c.h; path = UMSocialDataService.h; sourceTree = "<group>"; };
		0587F1241BD9D39F0037747E /* UMSocialSnsData.h */ = {isa = PBXFileReference; fileEncoding = 4; lastKnownFileType = sourcecode.c.h; path = UMSocialSnsData.h; sourceTree = "<group>"; };
		0587F1251BD9D39F0037747E /* UMSocialSnsPlatformManager.h */ = {isa = PBXFileReference; fileEncoding = 4; lastKnownFileType = sourcecode.c.h; path = UMSocialSnsPlatformManager.h; sourceTree = "<group>"; };
		0587F1261BD9D39F0037747E /* UMSocialSnsService.h */ = {isa = PBXFileReference; fileEncoding = 4; lastKnownFileType = sourcecode.c.h; path = UMSocialSnsService.h; sourceTree = "<group>"; };
		0587F1271BD9D39F0037747E /* libUMSocial_Sdk_4.2.5.a */ = {isa = PBXFileReference; lastKnownFileType = archive.ar; path = libUMSocial_Sdk_4.2.5.a; sourceTree = "<group>"; };
		0587F1291BD9D39F0037747E /* UMSCommentDetailController.xib */ = {isa = PBXFileReference; fileEncoding = 4; lastKnownFileType = file.xib; path = UMSCommentDetailController.xib; sourceTree = "<group>"; };
		0587F12A1BD9D39F0037747E /* UMSCommentInputController.xib */ = {isa = PBXFileReference; fileEncoding = 4; lastKnownFileType = file.xib; path = UMSCommentInputController.xib; sourceTree = "<group>"; };
		0587F12B1BD9D39F0037747E /* UMSCommentInputControlleriPad.xib */ = {isa = PBXFileReference; fileEncoding = 4; lastKnownFileType = file.xib; path = UMSCommentInputControlleriPad.xib; sourceTree = "<group>"; };
		0587F12C1BD9D39F0037747E /* UMShareEditViewController.xib */ = {isa = PBXFileReference; fileEncoding = 4; lastKnownFileType = file.xib; path = UMShareEditViewController.xib; sourceTree = "<group>"; };
		0587F12D1BD9D39F0037747E /* UMShareEditViewControlleriPad.xib */ = {isa = PBXFileReference; fileEncoding = 4; lastKnownFileType = file.xib; path = UMShareEditViewControlleriPad.xib; sourceTree = "<group>"; };
		0587F12E1BD9D39F0037747E /* UMSLoginViewController.xib */ = {isa = PBXFileReference; fileEncoding = 4; lastKnownFileType = file.xib; path = UMSLoginViewController.xib; sourceTree = "<group>"; };
		0587F12F1BD9D39F0037747E /* UMSnsAccountViewController.xib */ = {isa = PBXFileReference; fileEncoding = 4; lastKnownFileType = file.xib; path = UMSnsAccountViewController.xib; sourceTree = "<group>"; };
		0587F1301BD9D39F0037747E /* UMSShareListController.xib */ = {isa = PBXFileReference; fileEncoding = 4; lastKnownFileType = file.xib; path = UMSShareListController.xib; sourceTree = "<group>"; };
		0587F1311BD9D39F0037747E /* UMSocialSDKResourcesNew.bundle */ = {isa = PBXFileReference; lastKnownFileType = "wrapper.plug-in"; path = UMSocialSDKResourcesNew.bundle; sourceTree = "<group>"; };
		0587F1321BD9D39F0037747E /* zh-Hans */ = {isa = PBXFileReference; lastKnownFileType = text.plist.strings; name = "zh-Hans"; path = "zh-Hans.lproj/UMSocialLocalizable.strings"; sourceTree = "<group>"; };
		0587F1431BD9D3B60037747E /* libSocialWechat.a */ = {isa = PBXFileReference; lastKnownFileType = archive.ar; path = libSocialWechat.a; sourceTree = "<group>"; };
		0587F1441BD9D3B60037747E /* libWeChatSDK.a */ = {isa = PBXFileReference; lastKnownFileType = archive.ar; path = libWeChatSDK.a; sourceTree = "<group>"; };
		0587F1451BD9D3B60037747E /* UMSocialWechatHandler.h */ = {isa = PBXFileReference; fileEncoding = 4; lastKnownFileType = sourcecode.c.h; path = UMSocialWechatHandler.h; sourceTree = "<group>"; };
		0587F1461BD9D3B60037747E /* WXApi.h */ = {isa = PBXFileReference; fileEncoding = 4; lastKnownFileType = sourcecode.c.h; path = WXApi.h; sourceTree = "<group>"; };
		0587F1471BD9D3B60037747E /* WXApiObject.h */ = {isa = PBXFileReference; fileEncoding = 4; lastKnownFileType = sourcecode.c.h; path = WXApiObject.h; sourceTree = "<group>"; };
		0587F14B1BD9D4870037747E /* SystemConfiguration.framework */ = {isa = PBXFileReference; lastKnownFileType = wrapper.framework; name = SystemConfiguration.framework; path = System/Library/Frameworks/SystemConfiguration.framework; sourceTree = SDKROOT; };
		0599F5EF1BE76A2A00AA099D /* XCZSettingsViewController.h */ = {isa = PBXFileReference; fileEncoding = 4; lastKnownFileType = sourcecode.c.h; path = XCZSettingsViewController.h; sourceTree = "<group>"; };
		0599F5F01BE76A2A00AA099D /* XCZSettingsViewController.m */ = {isa = PBXFileReference; fileEncoding = 4; lastKnownFileType = sourcecode.c.objc; path = XCZSettingsViewController.m; sourceTree = "<group>"; };
		0599F5F21BE7923F00AA099D /* UIImage+Helper.h */ = {isa = PBXFileReference; fileEncoding = 4; lastKnownFileType = sourcecode.c.h; path = "UIImage+Helper.h"; sourceTree = "<group>"; };
		0599F5F31BE7923F00AA099D /* UIImage+Helper.m */ = {isa = PBXFileReference; fileEncoding = 4; lastKnownFileType = sourcecode.c.objc; path = "UIImage+Helper.m"; sourceTree = "<group>"; };
		0599F5F51BE7B9A300AA099D /* XCZBadgeView.h */ = {isa = PBXFileReference; fileEncoding = 4; lastKnownFileType = sourcecode.c.h; path = XCZBadgeView.h; sourceTree = "<group>"; };
		0599F5F61BE7B9A300AA099D /* XCZBadgeView.m */ = {isa = PBXFileReference; fileEncoding = 4; lastKnownFileType = sourcecode.c.objc; path = XCZBadgeView.m; sourceTree = "<group>"; };
		05AC40B91BFF569B006F6CA3 /* FontAwesome.ttf */ = {isa = PBXFileReference; lastKnownFileType = file; path = FontAwesome.ttf; sourceTree = "<group>"; };
		05AC40BB1BFF5732006F6CA3 /* UIImage+FontAwesome.m */ = {isa = PBXFileReference; fileEncoding = 4; lastKnownFileType = sourcecode.c.objc; path = "UIImage+FontAwesome.m"; sourceTree = "<group>"; };
		05AC40BC1BFF5732006F6CA3 /* UIImage+FontAwesome.h */ = {isa = PBXFileReference; fileEncoding = 4; lastKnownFileType = sourcecode.c.h; path = "UIImage+FontAwesome.h"; sourceTree = "<group>"; };
		05AC40BE1BFF5D42006F6CA3 /* NSString+FontAwesome.h */ = {isa = PBXFileReference; fileEncoding = 4; lastKnownFileType = sourcecode.c.h; path = "NSString+FontAwesome.h"; sourceTree = "<group>"; };
		05AC40BF1BFF5D42006F6CA3 /* NSString+FontAwesome.m */ = {isa = PBXFileReference; fileEncoding = 4; lastKnownFileType = sourcecode.c.objc; path = "NSString+FontAwesome.m"; sourceTree = "<group>"; };
		05B2287B195FCEBE00F91BCC /* xcz.db */ = {isa = PBXFileReference; lastKnownFileType = file; path = xcz.db; sourceTree = "<group>"; };
		05BDB0B81A555CA800DBBFBF /* xcz_user.db */ = {isa = PBXFileReference; lastKnownFileType = file; path = xcz_user.db; sourceTree = "<group>"; };
		05CC76561BD5E56A00A3970D /* 华文仿宋.ttf */ = {isa = PBXFileReference; lastKnownFileType = file; path = "华文仿宋.ttf"; sourceTree = "<group>"; };
		05CC76571BD5E6E800A3970D /* XCZRandomQuoteViewController.h */ = {isa = PBXFileReference; fileEncoding = 4; lastKnownFileType = sourcecode.c.h; path = XCZRandomQuoteViewController.h; sourceTree = "<group>"; };
		05CC76581BD5E6E800A3970D /* XCZRandomQuoteViewController.m */ = {isa = PBXFileReference; fileEncoding = 4; lastKnownFileType = sourcecode.c.objc; path = XCZRandomQuoteViewController.m; sourceTree = "<group>"; };
		05CC765B1BD6247E00A3970D /* XCZQuoteView.h */ = {isa = PBXFileReference; fileEncoding = 4; lastKnownFileType = sourcecode.c.h; path = XCZQuoteView.h; sourceTree = "<group>"; };
		05CC765C1BD6247E00A3970D /* XCZQuoteView.m */ = {isa = PBXFileReference; fileEncoding = 4; lastKnownFileType = sourcecode.c.objc; path = XCZQuoteView.m; sourceTree = "<group>"; };
		05CC765E1BD63F2800A3970D /* XCZQuoteDraggableView.h */ = {isa = PBXFileReference; fileEncoding = 4; lastKnownFileType = sourcecode.c.h; path = XCZQuoteDraggableView.h; sourceTree = "<group>"; };
		05CC765F1BD63F2800A3970D /* XCZQuoteDraggableView.m */ = {isa = PBXFileReference; fileEncoding = 4; lastKnownFileType = sourcecode.c.objc; path = XCZQuoteDraggableView.m; sourceTree = "<group>"; };
		05CC76611BD6433000A3970D /* XCZQuoteViewController.h */ = {isa = PBXFileReference; fileEncoding = 4; lastKnownFileType = sourcecode.c.h; path = XCZQuoteViewController.h; sourceTree = "<group>"; };
		05CC76621BD6433000A3970D /* XCZQuoteViewController.m */ = {isa = PBXFileReference; fileEncoding = 4; lastKnownFileType = sourcecode.c.objc; path = XCZQuoteViewController.m; sourceTree = "<group>"; };
		05CC76641BD6460D00A3970D /* XCZQuoteTableViewCell.h */ = {isa = PBXFileReference; fileEncoding = 4; lastKnownFileType = sourcecode.c.h; path = XCZQuoteTableViewCell.h; sourceTree = "<group>"; };
		05CC76651BD6460D00A3970D /* XCZQuoteTableViewCell.m */ = {isa = PBXFileReference; fileEncoding = 4; lastKnownFileType = sourcecode.c.objc; path = XCZQuoteTableViewCell.m; sourceTree = "<group>"; };
		05CC76681BD6900500A3970D /* XCZCopyableLabel.m */ = {isa = PBXFileReference; fileEncoding = 4; lastKnownFileType = sourcecode.c.objc; path = XCZCopyableLabel.m; sourceTree = "<group>"; };
		05CC766A1BD690B100A3970D /* XCZCopyableLabel.h */ = {isa = PBXFileReference; fileEncoding = 4; lastKnownFileType = sourcecode.c.h; path = XCZCopyableLabel.h; sourceTree = "<group>"; };
		05CE723619A4D97C003864E4 /* Images.xcassets */ = {isa = PBXFileReference; lastKnownFileType = folder.assetcatalog; path = Images.xcassets; sourceTree = "<group>"; };
		05CFDFE01BF772010027773C /* XCZCollectionsViewController.h */ = {isa = PBXFileReference; fileEncoding = 4; lastKnownFileType = sourcecode.c.h; path = XCZCollectionsViewController.h; sourceTree = "<group>"; };
		05CFDFE11BF772010027773C /* XCZCollectionsViewController.m */ = {isa = PBXFileReference; fileEncoding = 4; lastKnownFileType = sourcecode.c.objc; path = XCZCollectionsViewController.m; sourceTree = "<group>"; };
		05CFDFE31BF773F80027773C /* XCZCollectionKind.h */ = {isa = PBXFileReference; fileEncoding = 4; lastKnownFileType = sourcecode.c.h; path = XCZCollectionKind.h; sourceTree = "<group>"; };
		05CFDFE41BF773F80027773C /* XCZCollectionKind.m */ = {isa = PBXFileReference; fileEncoding = 4; lastKnownFileType = sourcecode.c.objc; path = XCZCollectionKind.m; sourceTree = "<group>"; };
		05CFDFE61BF7740F0027773C /* XCZCollection.h */ = {isa = PBXFileReference; fileEncoding = 4; lastKnownFileType = sourcecode.c.h; path = XCZCollection.h; sourceTree = "<group>"; };
		05CFDFE71BF7740F0027773C /* XCZCollection.m */ = {isa = PBXFileReference; fileEncoding = 4; lastKnownFileType = sourcecode.c.objc; path = XCZCollection.m; sourceTree = "<group>"; };
		05CFDFE91BF774230027773C /* XCZCollectionWork.h */ = {isa = PBXFileReference; fileEncoding = 4; lastKnownFileType = sourcecode.c.h; path = XCZCollectionWork.h; sourceTree = "<group>"; };
		05CFDFEA1BF774230027773C /* XCZCollectionWork.m */ = {isa = PBXFileReference; fileEncoding = 4; lastKnownFileType = sourcecode.c.objc; path = XCZCollectionWork.m; sourceTree = "<group>"; };
		05CFDFED1BF77B2F0027773C /* XCZCollectionWorksViewController.h */ = {isa = PBXFileReference; fileEncoding = 4; lastKnownFileType = sourcecode.c.h; path = XCZCollectionWorksViewController.h; sourceTree = "<group>"; };
		05CFDFEE1BF77B2F0027773C /* XCZCollectionWorksViewController.m */ = {isa = PBXFileReference; fileEncoding = 4; lastKnownFileType = sourcecode.c.objc; path = XCZCollectionWorksViewController.m; sourceTree = "<group>"; };
		05CFDFF11BF782300027773C /* XCZCollectionCell.h */ = {isa = PBXFileReference; fileEncoding = 4; lastKnownFileType = sourcecode.c.h; path = XCZCollectionCell.h; sourceTree = "<group>"; };
		05CFDFF21BF782300027773C /* XCZCollectionCell.m */ = {isa = PBXFileReference; fileEncoding = 4; lastKnownFileType = sourcecode.c.objc; path = XCZCollectionCell.m; sourceTree = "<group>"; };
		05CFDFF41BF8298D0027773C /* XCZCollectionSectionHeaderView.h */ = {isa = PBXFileReference; fileEncoding = 4; lastKnownFileType = sourcecode.c.h; path = XCZCollectionSectionHeaderView.h; sourceTree = "<group>"; };
		05CFDFF51BF8298D0027773C /* XCZCollectionSectionHeaderView.m */ = {isa = PBXFileReference; fileEncoding = 4; lastKnownFileType = sourcecode.c.objc; path = XCZCollectionSectionHeaderView.m; sourceTree = "<group>"; };
		05CFDFF71BF8438B0027773C /* XCZCollectionSectionFooterView.h */ = {isa = PBXFileReference; fileEncoding = 4; lastKnownFileType = sourcecode.c.h; path = XCZCollectionSectionFooterView.h; sourceTree = "<group>"; };
		05CFDFF81BF8438B0027773C /* XCZCollectionSectionFooterView.m */ = {isa = PBXFileReference; fileEncoding = 4; lastKnownFileType = sourcecode.c.objc; path = XCZCollectionSectionFooterView.m; sourceTree = "<group>"; };
		05DF00C3195F0CE100175ABF /* xcz.app */ = {isa = PBXFileReference; explicitFileType = wrapper.application; includeInIndex = 0; path = xcz.app; sourceTree = BUILT_PRODUCTS_DIR; };
		05DF00C6195F0CE100175ABF /* Foundation.framework */ = {isa = PBXFileReference; lastKnownFileType = wrapper.framework; name = Foundation.framework; path = System/Library/Frameworks/Foundation.framework; sourceTree = SDKROOT; };
		05DF00C8195F0CE100175ABF /* CoreGraphics.framework */ = {isa = PBXFileReference; lastKnownFileType = wrapper.framework; name = CoreGraphics.framework; path = System/Library/Frameworks/CoreGraphics.framework; sourceTree = SDKROOT; };
		05DF00CA195F0CE100175ABF /* UIKit.framework */ = {isa = PBXFileReference; lastKnownFileType = wrapper.framework; name = UIKit.framework; path = System/Library/Frameworks/UIKit.framework; sourceTree = SDKROOT; };
		05DF00CC195F0CE100175ABF /* CoreData.framework */ = {isa = PBXFileReference; lastKnownFileType = wrapper.framework; name = CoreData.framework; path = System/Library/Frameworks/CoreData.framework; sourceTree = SDKROOT; };
		05DF00D0195F0CE100175ABF /* xcz-Info.plist */ = {isa = PBXFileReference; lastKnownFileType = text.plist.xml; path = "xcz-Info.plist"; sourceTree = "<group>"; };
		05DF00D4195F0CE100175ABF /* main.m */ = {isa = PBXFileReference; lastKnownFileType = sourcecode.c.objc; path = main.m; sourceTree = "<group>"; };
		05DF00D6195F0CE100175ABF /* xcz-Prefix.pch */ = {isa = PBXFileReference; lastKnownFileType = sourcecode.c.h; path = "xcz-Prefix.pch"; sourceTree = "<group>"; };
		05DF00D7195F0CE100175ABF /* XCZAppDelegate.h */ = {isa = PBXFileReference; lastKnownFileType = sourcecode.c.h; path = XCZAppDelegate.h; sourceTree = "<group>"; };
		05DF00D8195F0CE100175ABF /* XCZAppDelegate.m */ = {isa = PBXFileReference; lastKnownFileType = sourcecode.c.objc; path = XCZAppDelegate.m; sourceTree = "<group>"; };
		05DF00E3195F0CE100175ABF /* xczTests.xctest */ = {isa = PBXFileReference; explicitFileType = wrapper.cfbundle; includeInIndex = 0; path = xczTests.xctest; sourceTree = BUILT_PRODUCTS_DIR; };
		05DF00E4195F0CE100175ABF /* XCTest.framework */ = {isa = PBXFileReference; lastKnownFileType = wrapper.framework; name = XCTest.framework; path = Library/Frameworks/XCTest.framework; sourceTree = DEVELOPER_DIR; };
		05DF00ED195F0CE100175ABF /* xczTests-Info.plist */ = {isa = PBXFileReference; lastKnownFileType = text.plist.xml; path = "xczTests-Info.plist"; sourceTree = "<group>"; };
		05DF00F1195F0CE100175ABF /* xczTests.m */ = {isa = PBXFileReference; lastKnownFileType = sourcecode.c.objc; path = xczTests.m; sourceTree = "<group>"; };
		05ECE6171BD3D476008DE9CE /* XCZWikiViewController.h */ = {isa = PBXFileReference; fileEncoding = 4; lastKnownFileType = sourcecode.c.h; path = XCZWikiViewController.h; sourceTree = "<group>"; };
		05ECE6181BD3D476008DE9CE /* XCZWikiViewController.m */ = {isa = PBXFileReference; fileEncoding = 4; lastKnownFileType = sourcecode.c.objc; path = XCZWikiViewController.m; sourceTree = "<group>"; };
		05ECE61A1BD3FF9F008DE9CE /* XCZAuthorQuotesViewController.h */ = {isa = PBXFileReference; fileEncoding = 4; lastKnownFileType = sourcecode.c.h; path = XCZAuthorQuotesViewController.h; sourceTree = "<group>"; };
		05ECE61B1BD3FF9F008DE9CE /* XCZAuthorQuotesViewController.m */ = {isa = PBXFileReference; fileEncoding = 4; lastKnownFileType = sourcecode.c.objc; path = XCZAuthorQuotesViewController.m; sourceTree = "<group>"; };
		05ECE61D1BD48B2B008DE9CE /* XCZAuthorTableViewCell.h */ = {isa = PBXFileReference; fileEncoding = 4; lastKnownFileType = sourcecode.c.h; path = XCZAuthorTableViewCell.h; sourceTree = "<group>"; };
		05ECE61E1BD48B2B008DE9CE /* XCZAuthorTableViewCell.m */ = {isa = PBXFileReference; fileEncoding = 4; lastKnownFileType = sourcecode.c.objc; path = XCZAuthorTableViewCell.m; sourceTree = "<group>"; };
		05ECE6201BD49D5E008DE9CE /* XCZWorkTableViewCell.h */ = {isa = PBXFileReference; fileEncoding = 4; lastKnownFileType = sourcecode.c.h; path = XCZWorkTableViewCell.h; sourceTree = "<group>"; };
		05ECE6211BD49D5E008DE9CE /* XCZWorkTableViewCell.m */ = {isa = PBXFileReference; fileEncoding = 4; lastKnownFileType = sourcecode.c.objc; path = XCZWorkTableViewCell.m; sourceTree = "<group>"; };
		05F219121BC5784000B222D7 /* XCZOtherViewController.h */ = {isa = PBXFileReference; fileEncoding = 4; lastKnownFileType = sourcecode.c.h; path = XCZOtherViewController.h; sourceTree = "<group>"; };
		05F219131BC5784000B222D7 /* XCZOtherViewController.m */ = {isa = PBXFileReference; fileEncoding = 4; lastKnownFileType = sourcecode.c.objc; path = XCZOtherViewController.m; sourceTree = "<group>"; };
		05F219151BC5924D00B222D7 /* Constants.h */ = {isa = PBXFileReference; lastKnownFileType = sourcecode.c.h; path = Constants.h; sourceTree = "<group>"; };
		05F219181BC6134400B222D7 /* XCZAboutViewController.h */ = {isa = PBXFileReference; fileEncoding = 4; lastKnownFileType = sourcecode.c.h; path = XCZAboutViewController.h; sourceTree = "<group>"; };
		05F219191BC6134400B222D7 /* XCZAboutViewController.m */ = {isa = PBXFileReference; fileEncoding = 4; lastKnownFileType = sourcecode.c.objc; path = XCZAboutViewController.m; sourceTree = "<group>"; };
		373599EB20404398AE2FC10B /* libPods-xcz.a */ = {isa = PBXFileReference; explicitFileType = archive.ar; includeInIndex = 0; path = "libPods-xcz.a"; sourceTree = BUILT_PRODUCTS_DIR; };
		530CF4E9B8A56A69B8C84DA8 /* Pods-xcz.debug.xcconfig */ = {isa = PBXFileReference; includeInIndex = 1; lastKnownFileType = text.xcconfig; name = "Pods-xcz.debug.xcconfig"; path = "Pods/Target Support Files/Pods-xcz/Pods-xcz.debug.xcconfig"; sourceTree = "<group>"; };
		EB3898A078A798E532D86F3B /* Pods-xcz.release.xcconfig */ = {isa = PBXFileReference; includeInIndex = 1; lastKnownFileType = text.xcconfig; name = "Pods-xcz.release.xcconfig"; path = "Pods/Target Support Files/Pods-xcz/Pods-xcz.release.xcconfig"; sourceTree = "<group>"; };
/* End PBXFileReference section */

/* Begin PBXFrameworksBuildPhase section */
		05DF00C0195F0CE100175ABF /* Frameworks */ = {
			isa = PBXFrameworksBuildPhase;
			buildActionMask = 2147483647;
			files = (
				0587F14C1BD9D4870037747E /* SystemConfiguration.framework in Frameworks */,
				05DF00C9195F0CE100175ABF /* CoreGraphics.framework in Frameworks */,
				0587F14A1BD9D3B60037747E /* libWeChatSDK.a in Frameworks */,
				05DF00CD195F0CE100175ABF /* CoreData.framework in Frameworks */,
				05DF00CB195F0CE100175ABF /* UIKit.framework in Frameworks */,
				0587F1341BD9D39F0037747E /* libUMSocial_Sdk_4.2.5.a in Frameworks */,
				05DF00C7195F0CE100175ABF /* Foundation.framework in Frameworks */,
				0587F1491BD9D3B60037747E /* libSocialWechat.a in Frameworks */,
				CABD71F26B624951841B653B /* libPods-xcz.a in Frameworks */,
			);
			runOnlyForDeploymentPostprocessing = 0;
		};
		05DF00E0195F0CE100175ABF /* Frameworks */ = {
			isa = PBXFrameworksBuildPhase;
			buildActionMask = 2147483647;
			files = (
				05DF00E5195F0CE100175ABF /* XCTest.framework in Frameworks */,
				05DF00E8195F0CE100175ABF /* CoreData.framework in Frameworks */,
				05DF00E7195F0CE100175ABF /* UIKit.framework in Frameworks */,
				05DF00E6195F0CE100175ABF /* Foundation.framework in Frameworks */,
			);
			runOnlyForDeploymentPostprocessing = 0;
		};
/* End PBXFrameworksBuildPhase section */

/* Begin PBXGroup section */
		050E117C1BD6AF1A004516A9 /* Work */ = {
			isa = PBXGroup;
			children = (
				0564854E1BA889E100F52EAE /* XCZWorksViewController.h */,
				0564854F1BA889E100F52EAE /* XCZWorksViewController.m */,
				0564854D1BA889E100F52EAE /* XCZWorkViewController.h */,
				056485421BA889E100F52EAE /* XCZWorkViewController.m */,
			);
			name = Work;
			sourceTree = "<group>";
		};
		050E117D1BD6AF27004516A9 /* Author */ = {
			isa = PBXGroup;
			children = (
				056485431BA889E100F52EAE /* XCZAuthorViewController.h */,
				056485441BA889E100F52EAE /* XCZAuthorViewController.m */,
				056485451BA889E100F52EAE /* XCZAuthorsViewController.h */,
				056485461BA889E100F52EAE /* XCZAuthorsViewController.m */,
				05ECE61A1BD3FF9F008DE9CE /* XCZAuthorQuotesViewController.h */,
				05ECE61B1BD3FF9F008DE9CE /* XCZAuthorQuotesViewController.m */,
			);
			name = Author;
			sourceTree = "<group>";
		};
		050E117E1BD6AF4F004516A9 /* Root */ = {
			isa = PBXGroup;
			children = (
				05CC76571BD5E6E800A3970D /* XCZRandomQuoteViewController.h */,
				05CC76581BD5E6E800A3970D /* XCZRandomQuoteViewController.m */,
				0545D26F1BC54C8B00410895 /* XCZLibraryViewController.h */,
				0545D2701BC54C8B00410895 /* XCZLibraryViewController.m */,
				05F219121BC5784000B222D7 /* XCZOtherViewController.h */,
				05F219131BC5784000B222D7 /* XCZOtherViewController.m */,
				05CFDFE01BF772010027773C /* XCZCollectionsViewController.h */,
				05CFDFE11BF772010027773C /* XCZCollectionsViewController.m */,
			);
			name = Root;
			sourceTree = "<group>";
		};
		050E117F1BD6AF76004516A9 /* Quote */ = {
			isa = PBXGroup;
			children = (
				05CC76611BD6433000A3970D /* XCZQuoteViewController.h */,
				05CC76621BD6433000A3970D /* XCZQuoteViewController.m */,
			);
			name = Quote;
			sourceTree = "<group>";
		};
		050E11801BD6AF8B004516A9 /* Other */ = {
			isa = PBXGroup;
			children = (
				05ECE6171BD3D476008DE9CE /* XCZWikiViewController.h */,
				05ECE6181BD3D476008DE9CE /* XCZWikiViewController.m */,
				05F219181BC6134400B222D7 /* XCZAboutViewController.h */,
				05F219191BC6134400B222D7 /* XCZAboutViewController.m */,
				0599F5EF1BE76A2A00AA099D /* XCZSettingsViewController.h */,
				0599F5F01BE76A2A00AA099D /* XCZSettingsViewController.m */,
				05349CDD1C1AD3FB0011DCEB /* XCZChineseKindSettingsViewController.h */,
				05349CDE1C1AD3FB0011DCEB /* XCZChineseKindSettingsViewController.m */,
				05349CE01C1AD4200011DCEB /* XCZQuoteFontSettingsViewController.h */,
				05349CE11C1AD4200011DCEB /* XCZQuoteFontSettingsViewController.m */,
				0545D2721BC54CF600410895 /* XCZMeetViewController.h */,
				0545D2731BC54CF600410895 /* XCZMeetViewController.m */,
			);
			name = Other;
			sourceTree = "<group>";
		};
		050E11811BD6AF9B004516A9 /* User */ = {
			isa = PBXGroup;
			children = (
				056485481BA889E100F52EAE /* XCZLikesViewController.h */,
				056485491BA889E100F52EAE /* XCZLikesViewController.m */,
			);
			name = User;
			sourceTree = "<group>";
		};
		050E11821BD6AFEA004516A9 /* TableCell */ = {
			isa = PBXGroup;
			children = (
				05CC76641BD6460D00A3970D /* XCZQuoteTableViewCell.h */,
				05CC76651BD6460D00A3970D /* XCZQuoteTableViewCell.m */,
				05ECE61D1BD48B2B008DE9CE /* XCZAuthorTableViewCell.h */,
				05ECE61E1BD48B2B008DE9CE /* XCZAuthorTableViewCell.m */,
				05ECE6201BD49D5E008DE9CE /* XCZWorkTableViewCell.h */,
				05ECE6211BD49D5E008DE9CE /* XCZWorkTableViewCell.m */,
			);
			name = TableCell;
			sourceTree = "<group>";
		};
		054AA5191BD74C1200CE8EDC /* Additions */ = {
			isa = PBXGroup;
			children = (
				05AC40BE1BFF5D42006F6CA3 /* NSString+FontAwesome.h */,
				05AC40BF1BFF5D42006F6CA3 /* NSString+FontAwesome.m */,
				05AC40BB1BFF5732006F6CA3 /* UIImage+FontAwesome.m */,
				05AC40BC1BFF5732006F6CA3 /* UIImage+FontAwesome.h */,
			);
			path = Additions;
			sourceTree = "<group>";
		};
		0564852D1BA885EC00F52EAE /* Utils */ = {
			isa = PBXGroup;
			children = (
				05827A9E196A8236003ABBDD /* XCZUtils.h */,
				05827A9F196A8236003ABBDD /* XCZUtils.m */,
			);
			path = Utils;
			sourceTree = "<group>";
		};
		056485401BA8898600F52EAE /* Controllers */ = {
			isa = PBXGroup;
			children = (
				05CFDFEC1BF77AC70027773C /* Collection */,
				050E11801BD6AF8B004516A9 /* Other */,
				050E11811BD6AF9B004516A9 /* User */,
				050E117F1BD6AF76004516A9 /* Quote */,
				050E117E1BD6AF4F004516A9 /* Root */,
				050E117D1BD6AF27004516A9 /* Author */,
				050E117C1BD6AF1A004516A9 /* Work */,
			);
			path = Controllers;
			sourceTree = "<group>";
		};
		0564855B1BA88A0A00F52EAE /* Categories */ = {
			isa = PBXGroup;
			children = (
				0599F5F21BE7923F00AA099D /* UIImage+Helper.h */,
				0599F5F31BE7923F00AA099D /* UIImage+Helper.m */,
				0545D26A1BC5379200410895 /* UIColor+Helper.h */,
				0545D2691BC5379200410895 /* UIColor+Helper.m */,
			);
			path = Categories;
			sourceTree = "<group>";
		};
		0587F1181BD9D39F0037747E /* UMSocial_Sdk_4.2.5 */ = {
			isa = PBXGroup;
			children = (
				0587F1191BD9D39F0037747E /* UMSocialLocalizable.strings */,
				0587F11B1BD9D39F0037747E /* Header */,
				0587F1271BD9D39F0037747E /* libUMSocial_Sdk_4.2.5.a */,
				0587F1281BD9D39F0037747E /* SocialSDKXib */,
				0587F1311BD9D39F0037747E /* UMSocialSDKResourcesNew.bundle */,
			);
			path = UMSocial_Sdk_4.2.5;
			sourceTree = "<group>";
		};
		0587F11B1BD9D39F0037747E /* Header */ = {
			isa = PBXGroup;
			children = (
				0587F11C1BD9D39F0037747E /* UMSocial.h */,
				0587F11D1BD9D39F0037747E /* UMSocialAccountManager.h */,
				0587F11E1BD9D39F0037747E /* UMSocialBar.h */,
				0587F11F1BD9D39F0037747E /* UMSocialConfig.h */,
				0587F1201BD9D39F0037747E /* UMSocialControllerService.h */,
				0587F1211BD9D39F0037747E /* UMSocialControllerServiceComment.h */,
				0587F1221BD9D39F0037747E /* UMSocialData.h */,
				0587F1231BD9D39F0037747E /* UMSocialDataService.h */,
				0587F1241BD9D39F0037747E /* UMSocialSnsData.h */,
				0587F1251BD9D39F0037747E /* UMSocialSnsPlatformManager.h */,
				0587F1261BD9D39F0037747E /* UMSocialSnsService.h */,
			);
			path = Header;
			sourceTree = "<group>";
		};
		0587F1281BD9D39F0037747E /* SocialSDKXib */ = {
			isa = PBXGroup;
			children = (
				0587F1291BD9D39F0037747E /* UMSCommentDetailController.xib */,
				0587F12A1BD9D39F0037747E /* UMSCommentInputController.xib */,
				0587F12B1BD9D39F0037747E /* UMSCommentInputControlleriPad.xib */,
				0587F12C1BD9D39F0037747E /* UMShareEditViewController.xib */,
				0587F12D1BD9D39F0037747E /* UMShareEditViewControlleriPad.xib */,
				0587F12E1BD9D39F0037747E /* UMSLoginViewController.xib */,
				0587F12F1BD9D39F0037747E /* UMSnsAccountViewController.xib */,
				0587F1301BD9D39F0037747E /* UMSShareListController.xib */,
			);
			path = SocialSDKXib;
			sourceTree = "<group>";
		};
		0587F13E1BD9D3B60037747E /* UMSocial_Sdk_Extra_Frameworks */ = {
			isa = PBXGroup;
			children = (
				0587F1421BD9D3B60037747E /* Wechat */,
			);
			path = UMSocial_Sdk_Extra_Frameworks;
			sourceTree = "<group>";
		};
		0587F1421BD9D3B60037747E /* Wechat */ = {
			isa = PBXGroup;
			children = (
				0587F1431BD9D3B60037747E /* libSocialWechat.a */,
				0587F1441BD9D3B60037747E /* libWeChatSDK.a */,
				0587F1451BD9D3B60037747E /* UMSocialWechatHandler.h */,
				0587F1461BD9D3B60037747E /* WXApi.h */,
				0587F1471BD9D3B60037747E /* WXApiObject.h */,
			);
			path = Wechat;
			sourceTree = "<group>";
		};
		05CC12F9196569E80014989C /* Models */ = {
			isa = PBXGroup;
			children = (
				056485311BA8895300F52EAE /* XCZAuthor.h */,
				056485321BA8895300F52EAE /* XCZAuthor.m */,
				056485331BA8895300F52EAE /* XCZDynasty.h */,
				056485341BA8895300F52EAE /* XCZDynasty.m */,
				056485351BA8895300F52EAE /* XCZLike.h */,
				056485361BA8895300F52EAE /* XCZLike.m */,
				056485371BA8895300F52EAE /* XCZQuote.h */,
				056485381BA8895300F52EAE /* XCZQuote.m */,
				056485391BA8895300F52EAE /* XCZWork.h */,
				0564853A1BA8895300F52EAE /* XCZWork.m */,
				05CFDFE31BF773F80027773C /* XCZCollectionKind.h */,
				05CFDFE41BF773F80027773C /* XCZCollectionKind.m */,
				05CFDFE61BF7740F0027773C /* XCZCollection.h */,
				05CFDFE71BF7740F0027773C /* XCZCollection.m */,
				05CFDFE91BF774230027773C /* XCZCollectionWork.h */,
				05CFDFEA1BF774230027773C /* XCZCollectionWork.m */,
			);
			path = Models;
			sourceTree = "<group>";
		};
		05CC12FD196586890014989C /* Views */ = {
			isa = PBXGroup;
			children = (
				05CFDFF01BF781EF0027773C /* CollectionCell */,
				050E11821BD6AFEA004516A9 /* TableCell */,
				054AA51D1BD74FE600CE8EDC /* XCZAuthorHeaderView.h */,
				054AA51E1BD74FE600CE8EDC /* XCZAuthorHeaderView.m */,
				0545D26C1BC5428500410895 /* XCZWorkView.h */,
				0545D26D1BC5428500410895 /* XCZWorkView.m */,
				05CC765B1BD6247E00A3970D /* XCZQuoteView.h */,
				05CC765C1BD6247E00A3970D /* XCZQuoteView.m */,
				05CC765E1BD63F2800A3970D /* XCZQuoteDraggableView.h */,
				05CC765F1BD63F2800A3970D /* XCZQuoteDraggableView.m */,
				05CC766A1BD690B100A3970D /* XCZCopyableLabel.h */,
				05CC76681BD6900500A3970D /* XCZCopyableLabel.m */,
				0545D2661BC51F9800410895 /* XCZLabel.h */,
				0545D2671BC51F9800410895 /* XCZLabel.m */,
				0599F5F51BE7B9A300AA099D /* XCZBadgeView.h */,
				0599F5F61BE7B9A300AA099D /* XCZBadgeView.m */,
				05CFDFF41BF8298D0027773C /* XCZCollectionSectionHeaderView.h */,
				05CFDFF51BF8298D0027773C /* XCZCollectionSectionHeaderView.m */,
				05CFDFF71BF8438B0027773C /* XCZCollectionSectionFooterView.h */,
				05CFDFF81BF8438B0027773C /* XCZCollectionSectionFooterView.m */,
			);
			path = Views;
			sourceTree = "<group>";
		};
		05CFDFEC1BF77AC70027773C /* Collection */ = {
			isa = PBXGroup;
			children = (
				05CFDFED1BF77B2F0027773C /* XCZCollectionWorksViewController.h */,
				05CFDFEE1BF77B2F0027773C /* XCZCollectionWorksViewController.m */,
			);
			name = Collection;
			sourceTree = "<group>";
		};
		05CFDFF01BF781EF0027773C /* CollectionCell */ = {
			isa = PBXGroup;
			children = (
				05CFDFF11BF782300027773C /* XCZCollectionCell.h */,
				05CFDFF21BF782300027773C /* XCZCollectionCell.m */,
			);
			name = CollectionCell;
			sourceTree = "<group>";
		};
		05DF00BA195F0CE100175ABF = {
			isa = PBXGroup;
			children = (
				0587F13E1BD9D3B60037747E /* UMSocial_Sdk_Extra_Frameworks */,
				0587F1181BD9D39F0037747E /* UMSocial_Sdk_4.2.5 */,
				05DF00CE195F0CE100175ABF /* xcz */,
				05DF00EB195F0CE100175ABF /* xczTests */,
				05DF00C5195F0CE100175ABF /* Frameworks */,
				05DF00C4195F0CE100175ABF /* Products */,
				EB669B81E5B37CF522C72540 /* Pods */,
			);
			sourceTree = "<group>";
		};
		05DF00C4195F0CE100175ABF /* Products */ = {
			isa = PBXGroup;
			children = (
				05DF00C3195F0CE100175ABF /* xcz.app */,
				05DF00E3195F0CE100175ABF /* xczTests.xctest */,
			);
			name = Products;
			sourceTree = "<group>";
		};
		05DF00C5195F0CE100175ABF /* Frameworks */ = {
			isa = PBXGroup;
			children = (
				0587F14B1BD9D4870037747E /* SystemConfiguration.framework */,
				051C225419B8B1FC00FA14E8 /* libz.dylib */,
				05DF00C6195F0CE100175ABF /* Foundation.framework */,
				05DF00C8195F0CE100175ABF /* CoreGraphics.framework */,
				05DF00CA195F0CE100175ABF /* UIKit.framework */,
				05DF00CC195F0CE100175ABF /* CoreData.framework */,
				05DF00E4195F0CE100175ABF /* XCTest.framework */,
				373599EB20404398AE2FC10B /* libPods-xcz.a */,
			);
			name = Frameworks;
			sourceTree = "<group>";
		};
		05DF00CE195F0CE100175ABF /* xcz */ = {
			isa = PBXGroup;
			children = (
				05349CE31C1B39290011DCEB /* XCZBaseViewController.h */,
				05349CE41C1B392A0011DCEB /* XCZBaseViewController.m */,
				054AA5191BD74C1200CE8EDC /* Additions */,
				0564855B1BA88A0A00F52EAE /* Categories */,
				056485401BA8898600F52EAE /* Controllers */,
				0564852D1BA885EC00F52EAE /* Utils */,
				05CC12FD196586890014989C /* Views */,
				05CC12F9196569E80014989C /* Models */,
				05DF00D7195F0CE100175ABF /* XCZAppDelegate.h */,
				05DF00D8195F0CE100175ABF /* XCZAppDelegate.m */,
				05F219151BC5924D00B222D7 /* Constants.h */,
				05DF00CF195F0CE100175ABF /* Supporting Files */,
			);
			path = xcz;
			sourceTree = "<group>";
		};
		05DF00CF195F0CE100175ABF /* Supporting Files */ = {
			isa = PBXGroup;
			children = (
				05AC40B91BFF569B006F6CA3 /* FontAwesome.ttf */,
				05CC76561BD5E56A00A3970D /* 华文仿宋.ttf */,
				054D06541C19EF4F002E7854 /* Wyue.otf */,
				05CE723619A4D97C003864E4 /* Images.xcassets */,
				05BDB0B81A555CA800DBBFBF /* xcz_user.db */,
				05B2287B195FCEBE00F91BCC /* xcz.db */,
				05DF00D0195F0CE100175ABF /* xcz-Info.plist */,
				05DF00D4195F0CE100175ABF /* main.m */,
				05DF00D6195F0CE100175ABF /* xcz-Prefix.pch */,
				0521D8741C1BBA6B0003A081 /* InfoPlist.strings */,
			);
			name = "Supporting Files";
			sourceTree = "<group>";
		};
		05DF00EB195F0CE100175ABF /* xczTests */ = {
			isa = PBXGroup;
			children = (
				05DF00F1195F0CE100175ABF /* xczTests.m */,
				05DF00EC195F0CE100175ABF /* Supporting Files */,
			);
			path = xczTests;
			sourceTree = "<group>";
		};
		05DF00EC195F0CE100175ABF /* Supporting Files */ = {
			isa = PBXGroup;
			children = (
				05DF00ED195F0CE100175ABF /* xczTests-Info.plist */,
			);
			name = "Supporting Files";
			sourceTree = "<group>";
		};
		EB669B81E5B37CF522C72540 /* Pods */ = {
			isa = PBXGroup;
			children = (
				530CF4E9B8A56A69B8C84DA8 /* Pods-xcz.debug.xcconfig */,
				EB3898A078A798E532D86F3B /* Pods-xcz.release.xcconfig */,
			);
			name = Pods;
			sourceTree = "<group>";
		};
/* End PBXGroup section */

/* Begin PBXNativeTarget section */
		05DF00C2195F0CE100175ABF /* xcz */ = {
			isa = PBXNativeTarget;
			buildConfigurationList = 05DF00F5195F0CE100175ABF /* Build configuration list for PBXNativeTarget "xcz" */;
			buildPhases = (
				9A222FDB2DB94392BEE9375E /* Check Pods Manifest.lock */,
				05DF00BF195F0CE100175ABF /* Sources */,
				05DF00C0195F0CE100175ABF /* Frameworks */,
				05DF00C1195F0CE100175ABF /* Resources */,
				D3A423F2841247EE8ACF5249 /* Copy Pods Resources */,
				050AF69F1BAC1D0600FF56E0 /* Run Script */,
				B75211D0E4D4472936B1C3D4 /* Embed Pods Frameworks */,
			);
			buildRules = (
			);
			dependencies = (
			);
			name = xcz;
			productName = xcz;
			productReference = 05DF00C3195F0CE100175ABF /* xcz.app */;
			productType = "com.apple.product-type.application";
		};
		05DF00E2195F0CE100175ABF /* xczTests */ = {
			isa = PBXNativeTarget;
			buildConfigurationList = 05DF00F8195F0CE100175ABF /* Build configuration list for PBXNativeTarget "xczTests" */;
			buildPhases = (
				05DF00DF195F0CE100175ABF /* Sources */,
				05DF00E0195F0CE100175ABF /* Frameworks */,
				05DF00E1195F0CE100175ABF /* Resources */,
			);
			buildRules = (
			);
			dependencies = (
				05DF00EA195F0CE100175ABF /* PBXTargetDependency */,
			);
			name = xczTests;
			productName = xczTests;
			productReference = 05DF00E3195F0CE100175ABF /* xczTests.xctest */;
			productType = "com.apple.product-type.bundle.unit-test";
		};
/* End PBXNativeTarget section */

/* Begin PBXProject section */
		05DF00BB195F0CE100175ABF /* Project object */ = {
			isa = PBXProject;
			attributes = {
				CLASSPREFIX = XCZ;
				LastUpgradeCheck = 0700;
				ORGANIZATIONNAME = "Zhipeng Liu";
				TargetAttributes = {
					05DF00C2195F0CE100175ABF = {
						DevelopmentTeam = N26JLKH94G;
					};
					05DF00E2195F0CE100175ABF = {
						TestTargetID = 05DF00C2195F0CE100175ABF;
					};
				};
			};
			buildConfigurationList = 05DF00BE195F0CE100175ABF /* Build configuration list for PBXProject "xcz" */;
			compatibilityVersion = "Xcode 3.2";
			developmentRegion = English;
			hasScannedForEncodings = 0;
			knownRegions = (
				"zh-Hans",
				"zh-Hant",
			);
			mainGroup = 05DF00BA195F0CE100175ABF;
			productRefGroup = 05DF00C4195F0CE100175ABF /* Products */;
			projectDirPath = "";
			projectRoot = "";
			targets = (
				05DF00C2195F0CE100175ABF /* xcz */,
				05DF00E2195F0CE100175ABF /* xczTests */,
			);
		};
/* End PBXProject section */

/* Begin PBXResourcesBuildPhase section */
		05DF00C1195F0CE100175ABF /* Resources */ = {
			isa = PBXResourcesBuildPhase;
			buildActionMask = 2147483647;
			files = (
				0587F1351BD9D39F0037747E /* UMSCommentDetailController.xib in Resources */,
				05B2287C195FD19500F91BCC /* xcz.db in Resources */,
				05CC765A1BD5FEDC00A3970D /* 华文仿宋.ttf in Resources */,
				0587F13C1BD9D39F0037747E /* UMSShareListController.xib in Resources */,
				0587F1331BD9D39F0037747E /* UMSocialLocalizable.strings in Resources */,
				0521D8721C1BBA6B0003A081 /* InfoPlist.strings in Resources */,
				0587F1391BD9D39F0037747E /* UMShareEditViewControlleriPad.xib in Resources */,
				05BDB0B91A555CA800DBBFBF /* xcz_user.db in Resources */,
				0587F1381BD9D39F0037747E /* UMShareEditViewController.xib in Resources */,
				0587F13B1BD9D39F0037747E /* UMSnsAccountViewController.xib in Resources */,
				054D06551C19EF8A002E7854 /* Wyue.otf in Resources */,
				0587F1361BD9D39F0037747E /* UMSCommentInputController.xib in Resources */,
				05CE723719A4D97C003864E4 /* Images.xcassets in Resources */,
				05AC40BA1BFF56A1006F6CA3 /* FontAwesome.ttf in Resources */,
				0587F13A1BD9D39F0037747E /* UMSLoginViewController.xib in Resources */,
				0587F13D1BD9D39F0037747E /* UMSocialSDKResourcesNew.bundle in Resources */,
				0587F1371BD9D39F0037747E /* UMSCommentInputControlleriPad.xib in Resources */,
			);
			runOnlyForDeploymentPostprocessing = 0;
		};
		05DF00E1195F0CE100175ABF /* Resources */ = {
			isa = PBXResourcesBuildPhase;
			buildActionMask = 2147483647;
			files = (
			);
			runOnlyForDeploymentPostprocessing = 0;
		};
/* End PBXResourcesBuildPhase section */

/* Begin PBXShellScriptBuildPhase section */
		050AF69F1BAC1D0600FF56E0 /* Run Script */ = {
			isa = PBXShellScriptBuildPhase;
			buildActionMask = 2147483647;
			files = (
			);
			inputPaths = (
			);
			name = "Run Script";
			outputPaths = (
			);
			runOnlyForDeploymentPostprocessing = 0;
			shellPath = /bin/sh;
			shellScript = "\"${PODS_ROOT}/Fabric/run\" 381afd6764f80d23443d620e7747e03f867c0ac3 773ed15148084e082507af05b6418cbc08d25458a9d2f0bb194f2538347443a3";
		};
		9A222FDB2DB94392BEE9375E /* Check Pods Manifest.lock */ = {
			isa = PBXShellScriptBuildPhase;
			buildActionMask = 2147483647;
			files = (
			);
			inputPaths = (
			);
			name = "Check Pods Manifest.lock";
			outputPaths = (
			);
			runOnlyForDeploymentPostprocessing = 0;
			shellPath = /bin/sh;
			shellScript = "diff \"${PODS_ROOT}/../Podfile.lock\" \"${PODS_ROOT}/Manifest.lock\" > /dev/null\nif [[ $? != 0 ]] ; then\n    cat << EOM\nerror: The sandbox is not in sync with the Podfile.lock. Run 'pod install' or update your CocoaPods installation.\nEOM\n    exit 1\nfi\n";
			showEnvVarsInLog = 0;
		};
		B75211D0E4D4472936B1C3D4 /* Embed Pods Frameworks */ = {
			isa = PBXShellScriptBuildPhase;
			buildActionMask = 2147483647;
			files = (
			);
			inputPaths = (
			);
			name = "Embed Pods Frameworks";
			outputPaths = (
			);
			runOnlyForDeploymentPostprocessing = 0;
			shellPath = /bin/sh;
			shellScript = "\"${SRCROOT}/Pods/Target Support Files/Pods-xcz/Pods-xcz-frameworks.sh\"\n";
			showEnvVarsInLog = 0;
		};
		D3A423F2841247EE8ACF5249 /* Copy Pods Resources */ = {
			isa = PBXShellScriptBuildPhase;
			buildActionMask = 2147483647;
			files = (
			);
			inputPaths = (
			);
			name = "Copy Pods Resources";
			outputPaths = (
			);
			runOnlyForDeploymentPostprocessing = 0;
			shellPath = /bin/sh;
			shellScript = "\"${SRCROOT}/Pods/Target Support Files/Pods-xcz/Pods-xcz-resources.sh\"\n";
			showEnvVarsInLog = 0;
		};
/* End PBXShellScriptBuildPhase section */

/* Begin PBXSourcesBuildPhase section */
		05DF00BF195F0CE100175ABF /* Sources */ = {
			isa = PBXSourcesBuildPhase;
			buildActionMask = 2147483647;
			files = (
				0545D2681BC51F9800410895 /* XCZLabel.m in Sources */,
				0564853D1BA8895300F52EAE /* XCZLike.m in Sources */,
				0545D2741BC54CF600410895 /* XCZMeetViewController.m in Sources */,
				054AA51F1BD74FE600CE8EDC /* XCZAuthorHeaderView.m in Sources */,
				05AC40C01BFF5D42006F6CA3 /* NSString+FontAwesome.m in Sources */,
				05349CE21C1AD4200011DCEB /* XCZQuoteFontSettingsViewController.m in Sources */,
				05827AA0196A8236003ABBDD /* XCZUtils.m in Sources */,
				05CC76631BD6433000A3970D /* XCZQuoteViewController.m in Sources */,
				05CC765D1BD6247E00A3970D /* XCZQuoteView.m in Sources */,
				05CFDFE81BF7740F0027773C /* XCZCollection.m in Sources */,
				05349CE51C1B392A0011DCEB /* XCZBaseViewController.m in Sources */,
				0599F5F71BE7B9A300AA099D /* XCZBadgeView.m in Sources */,
				05349CDF1C1AD3FB0011DCEB /* XCZChineseKindSettingsViewController.m in Sources */,
				05ECE6221BD49D5E008DE9CE /* XCZWorkTableViewCell.m in Sources */,
				05ECE61C1BD3FF9F008DE9CE /* XCZAuthorQuotesViewController.m in Sources */,
				056485541BA889E100F52EAE /* XCZAuthorsViewController.m in Sources */,
				0599F5F11BE76A2A00AA099D /* XCZSettingsViewController.m in Sources */,
				0564853C1BA8895300F52EAE /* XCZDynasty.m in Sources */,
				05CFDFEF1BF77B2F0027773C /* XCZCollectionWorksViewController.m in Sources */,
				05CFDFF31BF782300027773C /* XCZCollectionCell.m in Sources */,
				0545D26E1BC5428500410895 /* XCZWorkView.m in Sources */,
				056485521BA889E100F52EAE /* XCZWorkViewController.m in Sources */,
				05DF00D9195F0CE100175ABF /* XCZAppDelegate.m in Sources */,
				056485561BA889E100F52EAE /* XCZLikesViewController.m in Sources */,
				0545D2711BC54C8B00410895 /* XCZLibraryViewController.m in Sources */,
				0564853B1BA8895300F52EAE /* XCZAuthor.m in Sources */,
				05CFDFF91BF8438B0027773C /* XCZCollectionSectionFooterView.m in Sources */,
				05CC76591BD5E6E800A3970D /* XCZRandomQuoteViewController.m in Sources */,
				0545D26B1BC5379200410895 /* UIColor+Helper.m in Sources */,
				05CFDFE51BF773F80027773C /* XCZCollectionKind.m in Sources */,
				056485591BA889E100F52EAE /* XCZWorksViewController.m in Sources */,
				0564853F1BA8895300F52EAE /* XCZWork.m in Sources */,
				05ECE6191BD3D476008DE9CE /* XCZWikiViewController.m in Sources */,
				0599F5F41BE7923F00AA099D /* UIImage+Helper.m in Sources */,
				05DF00D5195F0CE100175ABF /* main.m in Sources */,
				05CC76661BD6460D00A3970D /* XCZQuoteTableViewCell.m in Sources */,
				05CC76691BD6900500A3970D /* XCZCopyableLabel.m in Sources */,
				05CFDFE21BF772010027773C /* XCZCollectionsViewController.m in Sources */,
				05ECE61F1BD48B2B008DE9CE /* XCZAuthorTableViewCell.m in Sources */,
				05CC76601BD63F2800A3970D /* XCZQuoteDraggableView.m in Sources */,
				0564853E1BA8895300F52EAE /* XCZQuote.m in Sources */,
				05CFDFEB1BF774230027773C /* XCZCollectionWork.m in Sources */,
				05F219141BC5784000B222D7 /* XCZOtherViewController.m in Sources */,
				05CFDFF61BF8298D0027773C /* XCZCollectionSectionHeaderView.m in Sources */,
				056485531BA889E100F52EAE /* XCZAuthorViewController.m in Sources */,
				05F2191A1BC6134400B222D7 /* XCZAboutViewController.m in Sources */,
				05AC40BD1BFF5732006F6CA3 /* UIImage+FontAwesome.m in Sources */,
			);
			runOnlyForDeploymentPostprocessing = 0;
		};
		05DF00DF195F0CE100175ABF /* Sources */ = {
			isa = PBXSourcesBuildPhase;
			buildActionMask = 2147483647;
			files = (
				05DF00F2195F0CE100175ABF /* xczTests.m in Sources */,
			);
			runOnlyForDeploymentPostprocessing = 0;
		};
/* End PBXSourcesBuildPhase section */

/* Begin PBXTargetDependency section */
		05DF00EA195F0CE100175ABF /* PBXTargetDependency */ = {
			isa = PBXTargetDependency;
			target = 05DF00C2195F0CE100175ABF /* xcz */;
			targetProxy = 05DF00E9195F0CE100175ABF /* PBXContainerItemProxy */;
		};
/* End PBXTargetDependency section */

/* Begin PBXVariantGroup section */
		0521D8741C1BBA6B0003A081 /* InfoPlist.strings */ = {
			isa = PBXVariantGroup;
			children = (
				0521D8731C1BBA6B0003A081 /* zh-Hans */,
				0521D8751C1BBB800003A081 /* zh-Hant */,
			);
			name = InfoPlist.strings;
			sourceTree = "<group>";
		};
		0587F1191BD9D39F0037747E /* UMSocialLocalizable.strings */ = {
			isa = PBXVariantGroup;
			children = (
				0587F1321BD9D39F0037747E /* zh-Hans */,
			);
			name = UMSocialLocalizable.strings;
			sourceTree = "<group>";
		};
/* End PBXVariantGroup section */

/* Begin XCBuildConfiguration section */
		05DF00F3195F0CE100175ABF /* Debug */ = {
			isa = XCBuildConfiguration;
			buildSettings = {
				ALWAYS_SEARCH_USER_PATHS = NO;
				CLANG_CXX_LANGUAGE_STANDARD = "gnu++0x";
				CLANG_CXX_LIBRARY = "libc++";
				CLANG_ENABLE_MODULES = YES;
				CLANG_ENABLE_OBJC_ARC = YES;
				CLANG_WARN_BOOL_CONVERSION = YES;
				CLANG_WARN_CONSTANT_CONVERSION = YES;
				CLANG_WARN_DIRECT_OBJC_ISA_USAGE = YES_ERROR;
				CLANG_WARN_EMPTY_BODY = YES;
				CLANG_WARN_ENUM_CONVERSION = YES;
				CLANG_WARN_INT_CONVERSION = YES;
				CLANG_WARN_OBJC_ROOT_CLASS = YES_ERROR;
				CLANG_WARN__DUPLICATE_METHOD_MATCH = YES;
				"CODE_SIGN_IDENTITY[sdk=iphoneos*]" = "iPhone Developer";
				COPY_PHASE_STRIP = NO;
				ENABLE_TESTABILITY = YES;
				GCC_C_LANGUAGE_STANDARD = gnu99;
				GCC_DYNAMIC_NO_PIC = NO;
				GCC_OPTIMIZATION_LEVEL = 0;
				GCC_PREPROCESSOR_DEFINITIONS = (
					"DEBUG=1",
					"$(inherited)",
				);
				GCC_SYMBOLS_PRIVATE_EXTERN = NO;
				GCC_WARN_64_TO_32_BIT_CONVERSION = YES;
				GCC_WARN_ABOUT_RETURN_TYPE = YES_ERROR;
				GCC_WARN_UNDECLARED_SELECTOR = YES;
				GCC_WARN_UNINITIALIZED_AUTOS = YES_AGGRESSIVE;
				GCC_WARN_UNUSED_FUNCTION = YES;
				GCC_WARN_UNUSED_VARIABLE = YES;
				IPHONEOS_DEPLOYMENT_TARGET = 7.1;
				ONLY_ACTIVE_ARCH = YES;
				SDKROOT = iphoneos;
			};
			name = Debug;
		};
		05DF00F4195F0CE100175ABF /* Release */ = {
			isa = XCBuildConfiguration;
			buildSettings = {
				ALWAYS_SEARCH_USER_PATHS = NO;
				CLANG_CXX_LANGUAGE_STANDARD = "gnu++0x";
				CLANG_CXX_LIBRARY = "libc++";
				CLANG_ENABLE_MODULES = YES;
				CLANG_ENABLE_OBJC_ARC = YES;
				CLANG_WARN_BOOL_CONVERSION = YES;
				CLANG_WARN_CONSTANT_CONVERSION = YES;
				CLANG_WARN_DIRECT_OBJC_ISA_USAGE = YES_ERROR;
				CLANG_WARN_EMPTY_BODY = YES;
				CLANG_WARN_ENUM_CONVERSION = YES;
				CLANG_WARN_INT_CONVERSION = YES;
				CLANG_WARN_OBJC_ROOT_CLASS = YES_ERROR;
				CLANG_WARN__DUPLICATE_METHOD_MATCH = YES;
				"CODE_SIGN_IDENTITY[sdk=iphoneos*]" = "iPhone Developer";
				COPY_PHASE_STRIP = YES;
				ENABLE_NS_ASSERTIONS = NO;
				GCC_C_LANGUAGE_STANDARD = gnu99;
				GCC_WARN_64_TO_32_BIT_CONVERSION = YES;
				GCC_WARN_ABOUT_RETURN_TYPE = YES_ERROR;
				GCC_WARN_UNDECLARED_SELECTOR = YES;
				GCC_WARN_UNINITIALIZED_AUTOS = YES_AGGRESSIVE;
				GCC_WARN_UNUSED_FUNCTION = YES;
				GCC_WARN_UNUSED_VARIABLE = YES;
				IPHONEOS_DEPLOYMENT_TARGET = 7.1;
				SDKROOT = iphoneos;
				VALIDATE_PRODUCT = YES;
			};
			name = Release;
		};
		05DF00F6195F0CE100175ABF /* Debug */ = {
			isa = XCBuildConfiguration;
			baseConfigurationReference = 530CF4E9B8A56A69B8C84DA8 /* Pods-xcz.debug.xcconfig */;
			buildSettings = {
				ASSETCATALOG_COMPILER_APPICON_NAME = AppIcon;
				ASSETCATALOG_COMPILER_LAUNCHIMAGE_NAME = LaunchImage;
				CODE_SIGN_IDENTITY = "iPhone Developer";
				"CODE_SIGN_IDENTITY[sdk=iphoneos*]" = "iPhone Developer";
				ENABLE_BITCODE = NO;
				GCC_PRECOMPILE_PREFIX_HEADER = YES;
				GCC_PREFIX_HEADER = "xcz/xcz-Prefix.pch";
				INFOPLIST_FILE = "xcz/xcz-Info.plist";
				IPHONEOS_DEPLOYMENT_TARGET = 7.0;
				LIBRARY_SEARCH_PATHS = (
					"$(inherited)",
					"$(PROJECT_DIR)/xcz",
					"$(PROJECT_DIR)/UMSocial_Sdk_4.2.5",
					"$(PROJECT_DIR)/UMSocial_Sdk_Extra_Frameworks/Twitter",
					"$(PROJECT_DIR)/UMSocial_Sdk_Extra_Frameworks/Wechat",
				);
				PRODUCT_BUNDLE_IDENTIFIER = "com.hustlzp.${PRODUCT_NAME:rfc1034identifier}";
				PRODUCT_NAME = "$(TARGET_NAME)";
				PROVISIONING_PROFILE = "";
				SDKROOT = iphoneos;
				TARGETED_DEVICE_FAMILY = 1;
				WRAPPER_EXTENSION = app;
			};
			name = Debug;
		};
		05DF00F7195F0CE100175ABF /* Release */ = {
			isa = XCBuildConfiguration;
			baseConfigurationReference = EB3898A078A798E532D86F3B /* Pods-xcz.release.xcconfig */;
			buildSettings = {
				ASSETCATALOG_COMPILER_APPICON_NAME = AppIcon;
				ASSETCATALOG_COMPILER_LAUNCHIMAGE_NAME = LaunchImage;
				CODE_SIGN_IDENTITY = "iPhone Developer";
				"CODE_SIGN_IDENTITY[sdk=iphoneos*]" = "iPhone Developer";
				ENABLE_BITCODE = NO;
				GCC_PRECOMPILE_PREFIX_HEADER = YES;
				GCC_PREFIX_HEADER = "xcz/xcz-Prefix.pch";
				INFOPLIST_FILE = "xcz/xcz-Info.plist";
				IPHONEOS_DEPLOYMENT_TARGET = 7.0;
				LIBRARY_SEARCH_PATHS = (
					"$(inherited)",
					"$(PROJECT_DIR)/xcz",
					"$(PROJECT_DIR)/UMSocial_Sdk_4.2.5",
					"$(PROJECT_DIR)/UMSocial_Sdk_Extra_Frameworks/Twitter",
					"$(PROJECT_DIR)/UMSocial_Sdk_Extra_Frameworks/Wechat",
				);
				PRODUCT_BUNDLE_IDENTIFIER = "com.hustlzp.${PRODUCT_NAME:rfc1034identifier}";
				PRODUCT_NAME = "$(TARGET_NAME)";
				PROVISIONING_PROFILE = "";
				SDKROOT = iphoneos;
				TARGETED_DEVICE_FAMILY = 1;
				WRAPPER_EXTENSION = app;
			};
			name = Release;
		};
		05DF00F9195F0CE100175ABF /* Debug */ = {
			isa = XCBuildConfiguration;
			buildSettings = {
				BUNDLE_LOADER = "$(BUILT_PRODUCTS_DIR)/xcz.app/xcz";
				FRAMEWORK_SEARCH_PATHS = (
					"$(SDKROOT)/Developer/Library/Frameworks",
					"$(inherited)",
					"$(DEVELOPER_FRAMEWORKS_DIR)",
				);
				GCC_PRECOMPILE_PREFIX_HEADER = YES;
				GCC_PREFIX_HEADER = "xcz/xcz-Prefix.pch";
				GCC_PREPROCESSOR_DEFINITIONS = (
					"DEBUG=1",
					"$(inherited)",
				);
				INFOPLIST_FILE = "xczTests/xczTests-Info.plist";
				PRODUCT_BUNDLE_IDENTIFIER = "com.hustlzp.${PRODUCT_NAME:rfc1034identifier}";
				PRODUCT_NAME = "$(TARGET_NAME)";
				TEST_HOST = "$(BUNDLE_LOADER)";
				WRAPPER_EXTENSION = xctest;
			};
			name = Debug;
		};
		05DF00FA195F0CE100175ABF /* Release */ = {
			isa = XCBuildConfiguration;
			buildSettings = {
				BUNDLE_LOADER = "$(BUILT_PRODUCTS_DIR)/xcz.app/xcz";
				FRAMEWORK_SEARCH_PATHS = (
					"$(SDKROOT)/Developer/Library/Frameworks",
					"$(inherited)",
					"$(DEVELOPER_FRAMEWORKS_DIR)",
				);
				GCC_PRECOMPILE_PREFIX_HEADER = YES;
				GCC_PREFIX_HEADER = "xcz/xcz-Prefix.pch";
				INFOPLIST_FILE = "xczTests/xczTests-Info.plist";
				PRODUCT_BUNDLE_IDENTIFIER = "com.hustlzp.${PRODUCT_NAME:rfc1034identifier}";
				PRODUCT_NAME = "$(TARGET_NAME)";
				TEST_HOST = "$(BUNDLE_LOADER)";
				WRAPPER_EXTENSION = xctest;
			};
			name = Release;
		};
/* End XCBuildConfiguration section */

/* Begin XCConfigurationList section */
		05DF00BE195F0CE100175ABF /* Build configuration list for PBXProject "xcz" */ = {
			isa = XCConfigurationList;
			buildConfigurations = (
				05DF00F3195F0CE100175ABF /* Debug */,
				05DF00F4195F0CE100175ABF /* Release */,
			);
			defaultConfigurationIsVisible = 0;
			defaultConfigurationName = Release;
		};
		05DF00F5195F0CE100175ABF /* Build configuration list for PBXNativeTarget "xcz" */ = {
			isa = XCConfigurationList;
			buildConfigurations = (
				05DF00F6195F0CE100175ABF /* Debug */,
				05DF00F7195F0CE100175ABF /* Release */,
			);
			defaultConfigurationIsVisible = 0;
			defaultConfigurationName = Release;
		};
		05DF00F8195F0CE100175ABF /* Build configuration list for PBXNativeTarget "xczTests" */ = {
			isa = XCConfigurationList;
			buildConfigurations = (
				05DF00F9195F0CE100175ABF /* Debug */,
				05DF00FA195F0CE100175ABF /* Release */,
			);
			defaultConfigurationIsVisible = 0;
			defaultConfigurationName = Release;
		};
/* End XCConfigurationList section */
	};
	rootObject = 05DF00BB195F0CE100175ABF /* Project object */;
}
